
Microsoft Visual Studio Solution File, Format Version 12.00
# Visual Studio Version 16
VisualStudioVersion = 16.0.29709.97
MinimumVisualStudioVersion = 10.0.40219.1
Project("{9A19103F-16F7-4668-BE54-9A1E7A4F7556}") = "asp", "asp.csproj", "{4C2A0FE2-61D5-4043-B4CE-82F1DA750E9C}"
EndProject
Global
	GlobalSection(SolutionConfigurationPlatforms) = preSolution
		Debug|Any CPU = Debug|Any CPU
		Release|Any CPU = Release|Any CPU
	EndGlobalSection
	GlobalSection(ProjectConfigurationPlatforms) = postSolution
		{4C2A0FE2-61D5-4043-B4CE-82F1DA750E9C}.Debug|Any CPU.ActiveCfg = Debug|Any CPU
		{4C2A0FE2-61D5-4043-B4CE-82F1DA750E9C}.Debug|Any CPU.Build.0 = Debug|Any CPU
		{4C2A0FE2-61D5-4043-B4CE-82F1DA750E9C}.Release|Any CPU.ActiveCfg = Release|Any CPU
		{4C2A0FE2-61D5-4043-B4CE-82F1DA750E9C}.Release|Any CPU.Build.0 = Release|Any CPU
	EndGlobalSection
	GlobalSection(SolutionProperties) = preSolution
		HideSolutionNode = FALSE
	EndGlobalSection
	GlobalSection(ExtensibilityGlobals) = postSolution
		SolutionGuid = {3E0606A7-D9D6-4E75-AF44-CA84682161EC}
	EndGlobalSection
EndGlobal
